
Microsoft Visual Studio Solution File, Format Version 12.00
# Visual Studio Version 17
VisualStudioVersion = 17.3.32804.467
MinimumVisualStudioVersion = 10.0.40219.1
Project("{FAE04EC0-301F-11D3-BF4B-00C04F79EFBC}") = "QLTV2022", "QLTV2022\QLTV2022.csproj", "{5256D6FA-E038-4416-9842-B487F3C83282}"
EndProject
Global
	GlobalSection(SolutionConfigurationPlatforms) = preSolution
		Debug|Any CPU = Debug|Any CPU
		Release|Any CPU = Release|Any CPU
	EndGlobalSection
	GlobalSection(ProjectConfigurationPlatforms) = postSolution
		{5256D6FA-E038-4416-9842-B487F3C83282}.Debug|Any CPU.ActiveCfg = Debug|Any CPU
		{5256D6FA-E038-4416-9842-B487F3C83282}.Debug|Any CPU.Build.0 = Debug|Any CPU
		{5256D6FA-E038-4416-9842-B487F3C83282}.Release|Any CPU.ActiveCfg = Release|Any CPU
		{5256D6FA-E038-4416-9842-B487F3C83282}.Release|Any CPU.Build.0 = Release|Any CPU
	EndGlobalSection
	GlobalSection(SolutionProperties) = preSolution
		HideSolutionNode = FALSE
	EndGlobalSection
	GlobalSection(ExtensibilityGlobals) = postSolution
		SolutionGuid = {592C30BC-A5CB-4601-9F74-807625D86444}
	EndGlobalSection
EndGlobal
